
Microsoft Visual Studio Solution File, Format Version 12.00
# Visual Studio 15
VisualStudioVersion = 15.0.27004.2002
MinimumVisualStudioVersion = 10.0.40219.1
Project("{9A19103F-16F7-4668-BE54-9A1E7A4F7556}") = "EnumUtils", "EnumUtils\EnumUtils.csproj", "{12C3A1A2-C021-4159-AEFE-2A999F994655}"
EndProject
Project("{2150E333-8FDC-42A3-9474-1A3956D46DE8}") = "Tests", "Tests", "{1A073276-B230-455E-B17C-C5E991E330D5}"
EndProject
Project("{2150E333-8FDC-42A3-9474-1A3956D46DE8}") = "Solution Items", "Solution Items", "{2643D75D-D49E-45EB-8307-8378FD7913B3}"
	ProjectSection(SolutionItems) = preProject
		build.yml = build.yml
		README.md = README.md
	EndProjectSection
EndProject
Project("{FAE04EC0-301F-11D3-BF4B-00C04F79EFBC}") = "EnumUtils.Tests", "Tests\EnumUtils.Tests\EnumUtils.Tests.csproj", "{9D74CA53-8DA0-4B4E-9387-8BC278992887}"
EndProject
Global
	GlobalSection(SharedMSBuildProjectFiles) = preSolution
		EnumUtils.Shared\EnumUtils.Shared.projitems*{12c3a1a2-c021-4159-aefe-2a999f994655}*SharedItemsImports = 4
	EndGlobalSection
	GlobalSection(SolutionConfigurationPlatforms) = preSolution
		Debug|Any CPU = Debug|Any CPU
		Release|Any CPU = Release|Any CPU
	EndGlobalSection
	GlobalSection(ProjectConfigurationPlatforms) = postSolution
		{12C3A1A2-C021-4159-AEFE-2A999F994655}.Debug|Any CPU.ActiveCfg = Debug|Any CPU
		{12C3A1A2-C021-4159-AEFE-2A999F994655}.Debug|Any CPU.Build.0 = Debug|Any CPU
		{12C3A1A2-C021-4159-AEFE-2A999F994655}.Release|Any CPU.ActiveCfg = Release|Any CPU
		{12C3A1A2-C021-4159-AEFE-2A999F994655}.Release|Any CPU.Build.0 = Release|Any CPU
		{9D74CA53-8DA0-4B4E-9387-8BC278992887}.Debug|Any CPU.ActiveCfg = Debug|Any CPU
		{9D74CA53-8DA0-4B4E-9387-8BC278992887}.Debug|Any CPU.Build.0 = Debug|Any CPU
		{9D74CA53-8DA0-4B4E-9387-8BC278992887}.Release|Any CPU.ActiveCfg = Release|Any CPU
		{9D74CA53-8DA0-4B4E-9387-8BC278992887}.Release|Any CPU.Build.0 = Release|Any CPU
	EndGlobalSection
	GlobalSection(SolutionProperties) = preSolution
		HideSolutionNode = FALSE
	EndGlobalSection
	GlobalSection(NestedProjects) = preSolution
		{9D74CA53-8DA0-4B4E-9387-8BC278992887} = {1A073276-B230-455E-B17C-C5E991E330D5}
	EndGlobalSection
	GlobalSection(ExtensibilityGlobals) = postSolution
		SolutionGuid = {989A5E88-C177-4161-9741-2B0DF34856E6}
	EndGlobalSection
EndGlobal
